// !$*UTF8*$!
{
	archiveVersion = 1;
	classes = {
	};
	objectVersion = 77;
	objects = {

/* Begin PBXBuildFile section */
		B1A000213025EE5F001CF34E /* daily_log/Capture/InputParser.swift in Sources */ = {isa = PBXBuildFile; fileRef = B1A000113025EE5F001CF34E /* daily_log/Capture/InputParser.swift */; };
		B1A000223025EE5F001CF34E /* daily_log/Model/Models.swift in Sources */ = {isa = PBXBuildFile; fileRef = B1A000123025EE5F001CF34E /* daily_log/Model/Models.swift */; };
		B1A000233025EE5F001CF34E /* daily_log/Model/Store.swift in Sources */ = {isa = PBXBuildFile; fileRef = B1A000133025EE5F001CF34E /* daily_log/Model/Store.swift */; };
		B1A000243025EE5F001CF34E /* daily_log/Support/Formatting.swift in Sources */ = {isa = PBXBuildFile; fileRef = B1A000143025EE5F001CF34E /* daily_log/Support/Formatting.swift */; };
/* End PBXBuildFile section */

/* Begin PBXFileReference section */
		B151F7843025EE5F001CF34E /* daily_log.app */ = {isa = PBXFileReference; explicitFileType = wrapper.application; includeInIndex = 0; path = daily_log.app; sourceTree = BUILT_PRODUCTS_DIR; };
		B1A000013025EE5F001CF34E /* daily_logTests.xctest */ = {isa = PBXFileReference; explicitFileType = wrapper.cfbundle; includeInIndex = 0; path = daily_logTests.xctest; sourceTree = BUILT_PRODUCTS_DIR; };
		B1A000113025EE5F001CF34E /* daily_log/Capture/InputParser.swift */ = {isa = PBXFileReference; lastKnownFileType = sourcecode.swift; path = daily_log/Capture/InputParser.swift; sourceTree = "<group>"; };
		B1A000123025EE5F001CF34E /* daily_log/Model/Models.swift */ = {isa = PBXFileReference; lastKnownFileType = sourcecode.swift; path = daily_log/Model/Models.swift; sourceTree = "<group>"; };
		B1A000133025EE5F001CF34E /* daily_log/Model/Store.swift */ = {isa = PBXFileReference; lastKnownFileType = sourcecode.swift; path = daily_log/Model/Store.swift; sourceTree = "<group>"; };
		B1A000143025EE5F001CF34E /* daily_log/Support/Formatting.swift */ = {isa = PBXFileReference; lastKnownFileType = sourcecode.swift; path = daily_log/Support/Formatting.swift; sourceTree = "<group>"; };
/* End PBXFileReference section */

/* Begin PBXFileSystemSynchronizedBuildFileExceptionSet section */
		B1A000313025EE5F001CF34E /* Exceptions for "daily_log" folder in "daily_log" target */ = {
			isa = PBXFileSystemSynchronizedBuildFileExceptionSet;
			membershipExceptions = (
				Info.plist,
			);
			target = B151F7833025EE5F001CF34E /* daily_log */;
		};
/* End PBXFileSystemSynchronizedBuildFileExceptionSet section */

/* Begin PBXFileSystemSynchronizedRootGroup section */
		B151F7863025EE5F001CF34E /* daily_log */ = {
			isa = PBXFileSystemSynchronizedRootGroup;
			exceptions = (
				B1A000313025EE5F001CF34E /* Exceptions for "daily_log" folder in "daily_log" target */,
			);
			path = daily_log;
			sourceTree = "<group>";
		};
		B1A000023025EE5F001CF34E /* daily_logTests */ = {
			isa = PBXFileSystemSynchronizedRootGroup;
			path = daily_logTests;
			sourceTree = "<group>";
		};
/* End PBXFileSystemSynchronizedRootGroup section */

/* Begin PBXFrameworksBuildPhase section */
		B151F7813025EE5F001CF34E /* Frameworks */ = {
			isa = PBXFrameworksBuildPhase;
			buildActionMask = 2147483647;
			files = (
			);
			runOnlyForDeploymentPostprocessing = 0;
		};
		B1A000053025EE5F001CF34E /* Frameworks */ = {
			isa = PBXFrameworksBuildPhase;
			buildActionMask = 2147483647;
			files = (
			);
			runOnlyForDeploymentPostprocessing = 0;
		};
/* End PBXFrameworksBuildPhase section */

/* Begin PBXGroup section */
		B151F77B3025EE5F001CF34E = {
			isa = PBXGroup;
			children = (
				B151F7863025EE5F001CF34E /* daily_log */,
				B1A000023025EE5F001CF34E /* daily_logTests */,
				B1A000093025EE5F001CF34E /* Sources Under Test */,
				B151F7853025EE5F001CF34E /* Products */,
			);
			sourceTree = "<group>";
		};
		B151F7853025EE5F001CF34E /* Products */ = {
			isa = PBXGroup;
			children = (
				B151F7843025EE5F001CF34E /* daily_log.app */,
				B1A000013025EE5F001CF34E /* daily_logTests.xctest */,
			);
			name = Products;
			sourceTree = "<group>";
		};
		B1A000093025EE5F001CF34E /* Sources Under Test */ = {
			isa = PBXGroup;
			children = (
				B1A000113025EE5F001CF34E /* daily_log/Capture/InputParser.swift */,
				B1A000123025EE5F001CF34E /* daily_log/Model/Models.swift */,
				B1A000133025EE5F001CF34E /* daily_log/Model/Store.swift */,
				B1A000143025EE5F001CF34E /* daily_log/Support/Formatting.swift */,
			);
			name = "Sources Under Test";
			sourceTree = "<group>";
		};
/* End PBXGroup section */

/* Begin PBXNativeTarget section */
		B151F7833025EE5F001CF34E /* daily_log */ = {
			isa = PBXNativeTarget;
			buildConfigurationList = B151F7913025EE5F001CF34E /* Build configuration list for PBXNativeTarget "daily_log" */;
			buildPhases = (
				B151F7803025EE5F001CF34E /* Sources */,
				B151F7813025EE5F001CF34E /* Frameworks */,
				B151F7823025EE5F001CF34E /* Resources */,
			);
			buildRules = (
			);
			dependencies = (
			);
			fileSystemSynchronizedGroups = (
				B151F7863025EE5F001CF34E /* daily_log */,
			);
			name = daily_log;
			packageProductDependencies = (
			);
			productName = daily_log;
			productReference = B151F7843025EE5F001CF34E /* daily_log.app */;
			productType = "com.apple.product-type.application";
		};
		B1A000033025EE5F001CF34E /* daily_logTests */ = {
			isa = PBXNativeTarget;
			buildConfigurationList = B1A000063025EE5F001CF34E /* Build configuration list for PBXNativeTarget "daily_logTests" */;
			buildPhases = (
				B1A000043025EE5F001CF34E /* Sources */,
				B1A000053025EE5F001CF34E /* Frameworks */,
			);
			buildRules = (
			);
			dependencies = (
			);
			fileSystemSynchronizedGroups = (
				B1A000023025EE5F001CF34E /* daily_logTests */,
			);
			name = daily_logTests;
			packageProductDependencies = (
			);
			productName = daily_logTests;
			productReference = B1A000013025EE5F001CF34E /* daily_logTests.xctest */;
			productType = "com.apple.product-type.bundle.unit-test";
		};
/* End PBXNativeTarget section */

/* Begin PBXProject section */
		B151F77C3025EE5F001CF34E /* Project object */ = {
			isa = PBXProject;
			attributes = {
				BuildIndependentTargetsInParallel = 1;
				LastSwiftUpdateCheck = 2650;
				LastUpgradeCheck = 2650;
				TargetAttributes = {
					B151F7833025EE5F001CF34E = {
						CreatedOnToolsVersion = 26.5;
					};
					B1A000033025EE5F001CF34E = {
						CreatedOnToolsVersion = 26.5;
					};
				};
			};
			buildConfigurationList = B151F77F3025EE5F001CF34E /* Build configuration list for PBXProject "daily_log" */;
			developmentRegion = en;
			hasScannedForEncodings = 0;
			knownRegions = (
				en,
				Base,
			);
			mainGroup = B151F77B3025EE5F001CF34E;
			minimizedProjectReferenceProxies = 1;
			preferredProjectObjectVersion = 77;
			productRefGroup = B151F7853025EE5F001CF34E /* Products */;
			projectDirPath = "";
			projectRoot = "";
			targets = (
				B151F7833025EE5F001CF34E /* daily_log */,
				B1A000033025EE5F001CF34E /* daily_logTests */,
			);
		};
/* End PBXProject section */

/* Begin PBXResourcesBuildPhase section */
		B151F7823025EE5F001CF34E /* Resources */ = {
			isa = PBXResourcesBuildPhase;
			buildActionMask = 2147483647;
			files = (
			);
			runOnlyForDeploymentPostprocessing = 0;
		};
/* End PBXResourcesBuildPhase section */

/* Begin PBXSourcesBuildPhase section */
		B151F7803025EE5F001CF34E /* Sources */ = {
			isa = PBXSourcesBuildPhase;
			buildActionMask = 2147483647;
			files = (
			);
			runOnlyForDeploymentPostprocessing = 0;
		};
		B1A000043025EE5F001CF34E /* Sources */ = {
			isa = PBXSourcesBuildPhase;
			buildActionMask = 2147483647;
			files = (
				B1A000213025EE5F001CF34E /* daily_log/Capture/InputParser.swift in Sources */,
				B1A000223025EE5F001CF34E /* daily_log/Model/Models.swift in Sources */,
				B1A000233025EE5F001CF34E /* daily_log/Model/Store.swift in Sources */,
				B1A000243025EE5F001CF34E /* daily_log/Support/Formatting.swift in Sources */,
			);
			runOnlyForDeploymentPostprocessing = 0;
		};
/* End PBXSourcesBuildPhase section */

/* Begin XCBuildConfiguration section */
		B151F78F3025EE5F001CF34E /* Debug */ = {
			isa = XCBuildConfiguration;
			buildSettings = {
				ALWAYS_SEARCH_USER_PATHS = NO;
				ASSETCATALOG_COMPILER_GENERATE_SWIFT_ASSET_SYMBOL_EXTENSIONS = YES;
				CLANG_ANALYZER_NONNULL = YES;
				CLANG_ANALYZER_NUMBER_OBJECT_CONVERSION = YES_AGGRESSIVE;
				CLANG_CXX_LANGUAGE_STANDARD = "gnu++20";
				CLANG_ENABLE_MODULES = YES;
				CLANG_ENABLE_OBJC_ARC = YES;
				CLANG_ENABLE_OBJC_WEAK = YES;
				CLANG_WARN_BLOCK_CAPTURE_AUTORELEASING = YES;
				CLANG_WARN_BOOL_CONVERSION = YES;
				CLANG_WARN_COMMA = YES;
				CLANG_WARN_CONSTANT_CONVERSION = YES;
				CLANG_WARN_DEPRECATED_OBJC_IMPLEMENTATIONS = YES;
				CLANG_WARN_DIRECT_OBJC_ISA_USAGE = YES_ERROR;
				CLANG_WARN_DOCUMENTATION_COMMENTS = YES;
				CLANG_WARN_EMPTY_BODY = YES;
				CLANG_WARN_ENUM_CONVERSION = YES;
				CLANG_WARN_INFINITE_RECURSION = YES;
				CLANG_WARN_INT_CONVERSION = YES;
				CLANG_WARN_NON_LITERAL_NULL_CONVERSION = YES;
				CLANG_WARN_OBJC_IMPLICIT_RETAIN_SELF = YES;
				CLANG_WARN_OBJC_LITERAL_CONVERSION = YES;
				CLANG_WARN_OBJC_ROOT_CLASS = YES_ERROR;
				CLANG_WARN_QUOTED_INCLUDE_IN_FRAMEWORK_HEADER = YES;
				CLANG_WARN_RANGE_LOOP_ANALYSIS = YES;
				CLANG_WARN_STRICT_PROTOTYPES = YES;
				CLANG_WARN_SUSPICIOUS_MOVE = YES;
				CLANG_WARN_UNGUARDED_AVAILABILITY = YES_AGGRESSIVE;
				CLANG_WARN_UNREACHABLE_CODE = YES;
				CLANG_WARN__DUPLICATE_METHOD_MATCH = YES;
				COPY_PHASE_STRIP = NO;
				DEBUG_INFORMATION_FORMAT = dwarf;
				DEVELOPMENT_TEAM = "";
				ENABLE_STRICT_OBJC_MSGSEND = YES;
				ENABLE_TESTABILITY = YES;
				ENABLE_USER_SCRIPT_SANDBOXING = YES;
				GCC_C_LANGUAGE_STANDARD = gnu17;
				GCC_DYNAMIC_NO_PIC = NO;
				GCC_NO_COMMON_BLOCKS = YES;
				GCC_OPTIMIZATION_LEVEL = 0;
				GCC_PREPROCESSOR_DEFINITIONS = (
					"DEBUG=1",
					"$(inherited)",
				);
				GCC_WARN_64_TO_32_BIT_CONVERSION = YES;
				GCC_WARN_ABOUT_RETURN_TYPE = YES_ERROR;
				GCC_WARN_UNDECLARED_SELECTOR = YES;
				GCC_WARN_UNINITIALIZED_AUTOS = YES_AGGRESSIVE;
				GCC_WARN_UNUSED_FUNCTION = YES;
				GCC_WARN_UNUSED_VARIABLE = YES;
				LOCALIZATION_PREFERS_STRING_CATALOGS = YES;
				MACOSX_DEPLOYMENT_TARGET = 26.5;
				MTL_ENABLE_DEBUG_INFO = INCLUDE_SOURCE;
				MTL_FAST_MATH = YES;
				ONLY_ACTIVE_ARCH = YES;
				SDKROOT = macosx;
				SWIFT_ACTIVE_COMPILATION_CONDITIONS = "DEBUG $(inherited)";
				SWIFT_OPTIMIZATION_LEVEL = "-Onone";
			};
			name = Debug;
		};
		B151F7903025EE5F001CF34E /* Release */ = {
			isa = XCBuildConfiguration;
			buildSettings = {
				ALWAYS_SEARCH_USER_PATHS = NO;
				ASSETCATALOG_COMPILER_GENERATE_SWIFT_ASSET_SYMBOL_EXTENSIONS = YES;
				CLANG_ANALYZER_NONNULL = YES;
				CLANG_ANALYZER_NUMBER_OBJECT_CONVERSION = YES_AGGRESSIVE;
				CLANG_CXX_LANGUAGE_STANDARD = "gnu++20";
				CLANG_ENABLE_MODULES = YES;
				CLANG_ENABLE_OBJC_ARC = YES;
				CLANG_ENABLE_OBJC_WEAK = YES;
				CLANG_WARN_BLOCK_CAPTURE_AUTORELEASING = YES;
				CLANG_WARN_BOOL_CONVERSION = YES;
				CLANG_WARN_COMMA = YES;
				CLANG_WARN_CONSTANT_CONVERSION = YES;
				CLANG_WARN_DEPRECATED_OBJC_IMPLEMENTATIONS = YES;
				CLANG_WARN_DIRECT_OBJC_ISA_USAGE = YES_ERROR;
				CLANG_WARN_DOCUMENTATION_COMMENTS = YES;
				CLANG_WARN_EMPTY_BODY = YES;
				CLANG_WARN_ENUM_CONVERSION = YES;
				CLANG_WARN_INFINITE_RECURSION = YES;
				CLANG_WARN_INT_CONVERSION = YES;
				CLANG_WARN_NON_LITERAL_NULL_CONVERSION = YES;
				CLANG_WARN_OBJC_IMPLICIT_RETAIN_SELF = YES;
				CLANG_WARN_OBJC_LITERAL_CONVERSION = YES;
				CLANG_WARN_OBJC_ROOT_CLASS = YES_ERROR;
				CLANG_WARN_QUOTED_INCLUDE_IN_FRAMEWORK_HEADER = YES;
				CLANG_WARN_RANGE_LOOP_ANALYSIS = YES;
				CLANG_WARN_STRICT_PROTOTYPES = YES;
				CLANG_WARN_SUSPICIOUS_MOVE = YES;
				CLANG_WARN_UNGUARDED_AVAILABILITY = YES_AGGRESSIVE;
				CLANG_WARN_UNREACHABLE_CODE = YES;
				CLANG_WARN__DUPLICATE_METHOD_MATCH = YES;
				COPY_PHASE_STRIP = NO;
				DEBUG_INFORMATION_FORMAT = "dwarf-with-dsym";
				DEVELOPMENT_TEAM = "";
				ENABLE_NS_ASSERTIONS = NO;
				ENABLE_STRICT_OBJC_MSGSEND = YES;
				ENABLE_USER_SCRIPT_SANDBOXING = YES;
				GCC_C_LANGUAGE_STANDARD = gnu17;
				GCC_NO_COMMON_BLOCKS = YES;
				GCC_WARN_64_TO_32_BIT_CONVERSION = YES;
				GCC_WARN_ABOUT_RETURN_TYPE = YES_ERROR;
				GCC_WARN_UNDECLARED_SELECTOR = YES;
				GCC_WARN_UNINITIALIZED_AUTOS = YES_AGGRESSIVE;
				GCC_WARN_UNUSED_FUNCTION = YES;
				GCC_WARN_UNUSED_VARIABLE = YES;
				LOCALIZATION_PREFERS_STRING_CATALOGS = YES;
				MACOSX_DEPLOYMENT_TARGET = 26.5;
				MTL_ENABLE_DEBUG_INFO = NO;
				MTL_FAST_MATH = YES;
				SDKROOT = macosx;
				SWIFT_COMPILATION_MODE = wholemodule;
			};
			name = Release;
		};
		B151F7923025EE5F001CF34E /* Debug */ = {
			isa = XCBuildConfiguration;
			buildSettings = {
				ASSETCATALOG_COMPILER_APPICON_NAME = AppIcon;
				ASSETCATALOG_COMPILER_GLOBAL_ACCENT_COLOR_NAME = AccentColor;
				CODE_SIGN_STYLE = Automatic;
				COMBINE_HIDPI_IMAGES = YES;
				CURRENT_PROJECT_VERSION = 1;
				DEVELOPMENT_TEAM = "";
				ENABLE_APP_SANDBOX = NO;
				ENABLE_HARDENED_RUNTIME = YES;
				ENABLE_PREVIEWS = YES;
				GENERATE_INFOPLIST_FILE = YES;
				INFOPLIST_FILE = daily_log/Info.plist;
				INFOPLIST_KEY_LSUIElement = YES;
				INFOPLIST_KEY_NSHumanReadableCopyright = "";
				LD_RUNPATH_SEARCH_PATHS = (
					"$(inherited)",
					"@executable_path/../Frameworks",
				);
				MARKETING_VERSION = 1.0.3;
				PRODUCT_BUNDLE_IDENTIFIER = "se.axtelius.daily-log";
				PRODUCT_NAME = "$(TARGET_NAME)";
				REGISTER_APP_GROUPS = YES;
				STRING_CATALOG_GENERATE_SYMBOLS = YES;
				SWIFT_APPROACHABLE_CONCURRENCY = YES;
				SWIFT_DEFAULT_ACTOR_ISOLATION = MainActor;
				SWIFT_EMIT_LOC_STRINGS = YES;
				SWIFT_UPCOMING_FEATURE_MEMBER_IMPORT_VISIBILITY = YES;
				SWIFT_VERSION = 5.0;
			};
			name = Debug;
		};
		B151F7933025EE5F001CF34E /* Release */ = {
			isa = XCBuildConfiguration;
			buildSettings = {
				ASSETCATALOG_COMPILER_APPICON_NAME = AppIcon;
				ASSETCATALOG_COMPILER_GLOBAL_ACCENT_COLOR_NAME = AccentColor;
				CODE_SIGN_STYLE = Automatic;
				COMBINE_HIDPI_IMAGES = YES;
				CURRENT_PROJECT_VERSION = 1;
				DEVELOPMENT_TEAM = "";
				ENABLE_APP_SANDBOX = NO;
				ENABLE_HARDENED_RUNTIME = YES;
				ENABLE_PREVIEWS = YES;
				GENERATE_INFOPLIST_FILE = YES;
				INFOPLIST_FILE = daily_log/Info.plist;
				INFOPLIST_KEY_LSUIElement = YES;
				INFOPLIST_KEY_NSHumanReadableCopyright = "";
				LD_RUNPATH_SEARCH_PATHS = (
					"$(inherited)",
					"@executable_path/../Frameworks",
				);
				MARKETING_VERSION = 1.0.3;
				PRODUCT_BUNDLE_IDENTIFIER = "se.axtelius.daily-log";
				PRODUCT_NAME = "$(TARGET_NAME)";
				REGISTER_APP_GROUPS = YES;
				STRING_CATALOG_GENERATE_SYMBOLS = YES;
				SWIFT_APPROACHABLE_CONCURRENCY = YES;
				SWIFT_DEFAULT_ACTOR_ISOLATION = MainActor;
				SWIFT_EMIT_LOC_STRINGS = YES;
				SWIFT_UPCOMING_FEATURE_MEMBER_IMPORT_VISIBILITY = YES;
				SWIFT_VERSION = 5.0;
			};
			name = Release;
		};
		B1A000073025EE5F001CF34E /* Debug */ = {
			isa = XCBuildConfiguration;
			buildSettings = {
				ALWAYS_EMBED_SWIFT_STANDARD_LIBRARIES = YES;
				CODE_SIGN_STYLE = Automatic;
				CURRENT_PROJECT_VERSION = 1;
				GENERATE_INFOPLIST_FILE = YES;
				MARKETING_VERSION = 1.0.3;
				PRODUCT_BUNDLE_IDENTIFIER = "se.axtelius.daily-logTests";
				PRODUCT_NAME = "$(TARGET_NAME)";
				SWIFT_APPROACHABLE_CONCURRENCY = YES;
				SWIFT_DEFAULT_ACTOR_ISOLATION = MainActor;
				SWIFT_EMIT_LOC_STRINGS = NO;
				SWIFT_UPCOMING_FEATURE_MEMBER_IMPORT_VISIBILITY = YES;
				SWIFT_VERSION = 5.0;
			};
			name = Debug;
		};
		B1A000083025EE5F001CF34E /* Release */ = {
			isa = XCBuildConfiguration;
			buildSettings = {
				ALWAYS_EMBED_SWIFT_STANDARD_LIBRARIES = YES;
				CODE_SIGN_STYLE = Automatic;
				CURRENT_PROJECT_VERSION = 1;
				GENERATE_INFOPLIST_FILE = YES;
				MARKETING_VERSION = 1.0.3;
				PRODUCT_BUNDLE_IDENTIFIER = "se.axtelius.daily-logTests";
				PRODUCT_NAME = "$(TARGET_NAME)";
				SWIFT_APPROACHABLE_CONCURRENCY = YES;
				SWIFT_DEFAULT_ACTOR_ISOLATION = MainActor;
				SWIFT_EMIT_LOC_STRINGS = NO;
				SWIFT_UPCOMING_FEATURE_MEMBER_IMPORT_VISIBILITY = YES;
				SWIFT_VERSION = 5.0;
			};
			name = Release;
		};
/* End XCBuildConfiguration section */

/* Begin XCConfigurationList section */
		B151F77F3025EE5F001CF34E /* Build configuration list for PBXProject "daily_log" */ = {
			isa = XCConfigurationList;
			buildConfigurations = (
				B151F78F3025EE5F001CF34E /* Debug */,
				B151F7903025EE5F001CF34E /* Release */,
			);
			defaultConfigurationIsVisible = 0;
			defaultConfigurationName = Release;
		};
		B151F7913025EE5F001CF34E /* Build configuration list for PBXNativeTarget "daily_log" */ = {
			isa = XCConfigurationList;
			buildConfigurations = (
				B151F7923025EE5F001CF34E /* Debug */,
				B151F7933025EE5F001CF34E /* Release */,
			);
			defaultConfigurationIsVisible = 0;
			defaultConfigurationName = Release;
		};
		B1A000063025EE5F001CF34E /* Build configuration list for PBXNativeTarget "daily_logTests" */ = {
			isa = XCConfigurationList;
			buildConfigurations = (
				B1A000073025EE5F001CF34E /* Debug */,
				B1A000083025EE5F001CF34E /* Release */,
			);
			defaultConfigurationIsVisible = 0;
			defaultConfigurationName = Release;
		};
/* End XCConfigurationList section */
	};
	rootObject = B151F77C3025EE5F001CF34E /* Project object */;
}
